
Microsoft Visual Studio Solution File, Format Version 12.00
# Visual Studio Version 16
VisualStudioVersion = 16.0.34114.132
MinimumVisualStudioVersion = 10.0.40219.1
Project("{FAE04EC0-301F-11D3-BF4B-00C04F79EFBC}") = "DatabaseFirst", "DatabaseFirst\DatabaseFirst.csproj", "{4A65F87C-CA63-4CD7-97C5-CCB35A1B08E1}"
EndProject
Project("{FAE04EC0-301F-11D3-BF4B-00C04F79EFBC}") = "ModelFirst", "ModelFirst\ModelFirst.csproj", "{BFA863A0-44E0-48C1-8F11-7E102AAA87AF}"
EndProject
Project("{FAE04EC0-301F-11D3-BF4B-00C04F79EFBC}") = "CodeFirst", "CodeFirst\CodeFirst.csproj", "{C54E3638-A8ED-45C1-AD0B-5B87D0016EEB}"
EndProject
Global
	GlobalSection(SolutionConfigurationPlatforms) = preSolution
		Debug|Any CPU = Debug|Any CPU
		Release|Any CPU = Release|Any CPU
	EndGlobalSection
	GlobalSection(ProjectConfigurationPlatforms) = postSolution
		{4A65F87C-CA63-4CD7-97C5-CCB35A1B08E1}.Debug|Any CPU.ActiveCfg = Debug|Any CPU
		{4A65F87C-CA63-4CD7-97C5-CCB35A1B08E1}.Debug|Any CPU.Build.0 = Debug|Any CPU
		{4A65F87C-CA63-4CD7-97C5-CCB35A1B08E1}.Release|Any CPU.ActiveCfg = Release|Any CPU
		{4A65F87C-CA63-4CD7-97C5-CCB35A1B08E1}.Release|Any CPU.Build.0 = Release|Any CPU
		{BFA863A0-44E0-48C1-8F11-7E102AAA87AF}.Debug|Any CPU.ActiveCfg = Debug|Any CPU
		{BFA863A0-44E0-48C1-8F11-7E102AAA87AF}.Debug|Any CPU.Build.0 = Debug|Any CPU
		{BFA863A0-44E0-48C1-8F11-7E102AAA87AF}.Release|Any CPU.ActiveCfg = Release|Any CPU
		{BFA863A0-44E0-48C1-8F11-7E102AAA87AF}.Release|Any CPU.Build.0 = Release|Any CPU
		{C54E3638-A8ED-45C1-AD0B-5B87D0016EEB}.Debug|Any CPU.ActiveCfg = Debug|Any CPU
		{C54E3638-A8ED-45C1-AD0B-5B87D0016EEB}.Debug|Any CPU.Build.0 = Debug|Any CPU
		{C54E3638-A8ED-45C1-AD0B-5B87D0016EEB}.Release|Any CPU.ActiveCfg = Release|Any CPU
		{C54E3638-A8ED-45C1-AD0B-5B87D0016EEB}.Release|Any CPU.Build.0 = Release|Any CPU
	EndGlobalSection
	GlobalSection(SolutionProperties) = preSolution
		HideSolutionNode = FALSE
	EndGlobalSection
	GlobalSection(ExtensibilityGlobals) = postSolution
		SolutionGuid = {5D67D8BB-F696-447B-8A33-EBD4DD94F84E}
	EndGlobalSection
EndGlobal
